
Microsoft Visual Studio Solution File, Format Version 12.00
# Visual Studio 15
VisualStudioVersion = 15.0.28307.2017
MinimumVisualStudioVersion = 10.0.40219.1
Project("{FAE04EC0-301F-11D3-BF4B-00C04F79EFBC}") = "Maze", "Maze\Maze.csproj", "{5DEB6975-F272-4B56-BA08-7DF325D78E9F}"
EndProject
Global
	GlobalSection(SolutionConfigurationPlatforms) = preSolution
		Debug|Any CPU = Debug|Any CPU
		Release|Any CPU = Release|Any CPU
	EndGlobalSection
	GlobalSection(ProjectConfigurationPlatforms) = postSolution
		{5DEB6975-F272-4B56-BA08-7DF325D78E9F}.Debug|Any CPU.ActiveCfg = Debug|Any CPU
		{5DEB6975-F272-4B56-BA08-7DF325D78E9F}.Debug|Any CPU.Build.0 = Debug|Any CPU
		{5DEB6975-F272-4B56-BA08-7DF325D78E9F}.Release|Any CPU.ActiveCfg = Release|Any CPU
		{5DEB6975-F272-4B56-BA08-7DF325D78E9F}.Release|Any CPU.Build.0 = Release|Any CPU
	EndGlobalSection
	GlobalSection(SolutionProperties) = preSolution
		HideSolutionNode = FALSE
	EndGlobalSection
	GlobalSection(ExtensibilityGlobals) = postSolution
		SolutionGuid = {128669A4-8B4B-4F30-8224-58E2B7C088A6}
	EndGlobalSection
EndGlobal
